PODS:
  - AMPopTip (4.4.0)
  - LayoutHelper (1.0.0)
  - MBProgressHUD (1.2.0)
  - PKHUD (5.3.0)
  - ReachabilitySwift (5.0.0)
  - SkyFloatingLabelTextField (4.0.0)
  - SwiftLint (0.43.1)

DEPENDENCIES:
  - AMPopTip (= 4.4.0)
  - LayoutHelper (= 1.0.0)
  - MBProgressHUD (= 1.2.0)
  - PKHUD (= 5.3.0)
  - ReachabilitySwift (= 5.0.0)
  - SkyFloatingLabelTextField (= 4.0.0)
  - SwiftLint (= 0.43.1)

SPEC REPOS:
  trunk:
    - AMPopTip
    - LayoutHelper
    - MBProgressHUD
    - PKHUD
    - ReachabilitySwift
    - SkyFloatingLabelTextField
    - SwiftLint

SPEC CHECKSUMS:
  AMPopTip: 093366c8dab16a2d0bf46c73d5837b6a2a603774
  LayoutHelper: fd809f52e0ae583f7576bf5d2af8248b5c3ec4d0
  MBProgressHUD: 3ee5efcc380f6a79a7cc9b363dd669c5e1ae7406
  PKHUD: 98f3e4bc904b9c916f1c5bb6d765365b5357291b
  ReachabilitySwift: 985039c6f7b23a1da463388634119492ff86c825
  SkyFloatingLabelTextField: 79ddc40e4ad59707fedbb48d605417aee48bb78a
  SwiftLint: 99f82d07b837b942dd563c668de129a03fc3fb52

PODFILE CHECKSUM: 490e16b02f357ac9be6bdd58856c38859c315741

COCOAPODS: 1.8.4
