// !$*UTF8*$!
{
	archiveVersion = 1;
	classes = {
	};
	objectVersion = 50;
	objects = {

/* Begin PBXBuildFile section */
		311B425325EF9B0400F2C412 /* ConfirmationCreditViewController.swift in Sources */ = {isa = PBXBuildFile; fileRef = 311B425225EF9B0400F2C412 /* ConfirmationCreditViewController.swift */; };
		311D8E4D25F0C816005BFB51 /* Account+CoreDataClass.swift in Sources */ = {isa = PBXBuildFile; fileRef = 311D8E4525F0C816005BFB51 /* Account+CoreDataClass.swift */; };
		311D8E4E25F0C816005BFB51 /* Account+CoreDataProperties.swift in Sources */ = {isa = PBXBuildFile; fileRef = 311D8E4625F0C816005BFB51 /* Account+CoreDataProperties.swift */; };
		311D8E4F25F0C816005BFB51 /* Transaction+CoreDataClass.swift in Sources */ = {isa = PBXBuildFile; fileRef = 311D8E4725F0C816005BFB51 /* Transaction+CoreDataClass.swift */; };
		311D8E5025F0C816005BFB51 /* Transaction+CoreDataProperties.swift in Sources */ = {isa = PBXBuildFile; fileRef = 311D8E4825F0C816005BFB51 /* Transaction+CoreDataProperties.swift */; };
		311E330E25EE2A8C0048C231 /* NewCredit.storyboard in Resources */ = {isa = PBXBuildFile; fileRef = 311E330D25EE2A8C0048C231 /* NewCredit.storyboard */; };
		311E331125EE2AA70048C231 /* NewCreditViewController.swift in Sources */ = {isa = PBXBuildFile; fileRef = 311E331025EE2AA70048C231 /* NewCreditViewController.swift */; };
		312CE36E25F24DF200E477FB /* Individual+CoreDataClass.swift in Sources */ = {isa = PBXBuildFile; fileRef = 312CE36825F24DF200E477FB /* Individual+CoreDataClass.swift */; };
		312CE36F25F24DF200E477FB /* Individual+CoreDataProperties.swift in Sources */ = {isa = PBXBuildFile; fileRef = 312CE36925F24DF200E477FB /* Individual+CoreDataProperties.swift */; };
		312CE37025F24DF200E477FB /* Organization+CoreDataClass.swift in Sources */ = {isa = PBXBuildFile; fileRef = 312CE36A25F24DF200E477FB /* Organization+CoreDataClass.swift */; };
		312CE37125F24DF200E477FB /* Organization+CoreDataProperties.swift in Sources */ = {isa = PBXBuildFile; fileRef = 312CE36B25F24DF200E477FB /* Organization+CoreDataProperties.swift */; };
		3148234E25D6D23E008288FC /* ExchangeRate.storyboard in Resources */ = {isa = PBXBuildFile; fileRef = 3148234D25D6D23E008288FC /* ExchangeRate.storyboard */; };
		3148235125D6D258008288FC /* ExchangeRateTableViewController.swift in Sources */ = {isa = PBXBuildFile; fileRef = 3148235025D6D258008288FC /* ExchangeRateTableViewController.swift */; };
		3153816025F0EDB500659252 /* Credit+CoreDataClass.swift in Sources */ = {isa = PBXBuildFile; fileRef = 3153815E25F0EDB500659252 /* Credit+CoreDataClass.swift */; };
		3153816125F0EDB500659252 /* Credit+CoreDataProperties.swift in Sources */ = {isa = PBXBuildFile; fileRef = 3153815F25F0EDB500659252 /* Credit+CoreDataProperties.swift */; };
		31E793A625E9565100667F99 /* UtilityFunctions.swift in Sources */ = {isa = PBXBuildFile; fileRef = 31E793A525E9565100667F99 /* UtilityFunctions.swift */; };
		31EB9D6825F252F600C53408 /* NewDepositViewController.swift in Sources */ = {isa = PBXBuildFile; fileRef = 59FC3A4125F2484A0019EE72 /* NewDepositViewController.swift */; };
		31FA59D725F24E9300EA5D3D /* Deposit+CoreDataClass.swift in Sources */ = {isa = PBXBuildFile; fileRef = 31FA59D525F24E9300EA5D3D /* Deposit+CoreDataClass.swift */; };
		31FA59D825F24E9300EA5D3D /* Deposit+CoreDataProperties.swift in Sources */ = {isa = PBXBuildFile; fileRef = 31FA59D625F24E9300EA5D3D /* Deposit+CoreDataProperties.swift */; };
		59031DB625EF90E400B4DE9D /* CreditTableViewCell.swift in Sources */ = {isa = PBXBuildFile; fileRef = 59031DB425EF90E400B4DE9D /* CreditTableViewCell.swift */; };
		59031DB725EF90E400B4DE9D /* CreditTableViewCell.xib in Resources */ = {isa = PBXBuildFile; fileRef = 59031DB525EF90E400B4DE9D /* CreditTableViewCell.xib */; };
		5904330325EE2D8C00BF5412 /* AccountTableViewCell.swift in Sources */ = {isa = PBXBuildFile; fileRef = 5904330125EE2D8C00BF5412 /* AccountTableViewCell.swift */; };
		5904330425EE2D8C00BF5412 /* AccountTableViewCell.xib in Resources */ = {isa = PBXBuildFile; fileRef = 5904330225EE2D8C00BF5412 /* AccountTableViewCell.xib */; };
		5904330C25EE4C6700BF5412 /* Cards.storyboard in Resources */ = {isa = PBXBuildFile; fileRef = 5904330B25EE4C6700BF5412 /* Cards.storyboard */; };
		5904330F25EE4D9000BF5412 /* CardsViewController.swift in Sources */ = {isa = PBXBuildFile; fileRef = 5904330E25EE4D9000BF5412 /* CardsViewController.swift */; };
		5904335025EE751500BF5412 /* CardTableViewCell.swift in Sources */ = {isa = PBXBuildFile; fileRef = 5904334E25EE751500BF5412 /* CardTableViewCell.swift */; };
		5904335125EE751500BF5412 /* CardTableViewCell.xib in Resources */ = {isa = PBXBuildFile; fileRef = 5904334F25EE751500BF5412 /* CardTableViewCell.xib */; };
		5916FA6A25EA376C0022A4B0 /* Adresses.storyboard in Resources */ = {isa = PBXBuildFile; fileRef = 5916FA6925EA376C0022A4B0 /* Adresses.storyboard */; };
		5916FA6D25EA38890022A4B0 /* AddressesTableViewController.swift in Sources */ = {isa = PBXBuildFile; fileRef = 5916FA6C25EA38890022A4B0 /* AddressesTableViewController.swift */; };
		5916FA7225EA679D0022A4B0 /* OtherPageHomeViewController.swift in Sources */ = {isa = PBXBuildFile; fileRef = 5916FA7125EA679D0022A4B0 /* OtherPageHomeViewController.swift */; };
		5923D6DC25F115D000EBA865 /* Credit.storyboard in Resources */ = {isa = PBXBuildFile; fileRef = 5923D6DB25F115D000EBA865 /* Credit.storyboard */; };
		5923D6DF25F115EF00EBA865 /* CreditViewController.swift in Sources */ = {isa = PBXBuildFile; fileRef = 5923D6DE25F115EF00EBA865 /* CreditViewController.swift */; };
		59298A5E25E3EDD3007F0622 /* CollectionView.swift in Sources */ = {isa = PBXBuildFile; fileRef = 59298A5D25E3EDD3007F0622 /* CollectionView.swift */; };
		592AE50B25D3D45D000C99E5 /* Alerts.swift in Sources */ = {isa = PBXBuildFile; fileRef = 592AE50A25D3D45D000C99E5 /* Alerts.swift */; };
		592AE70725F64500003543B7 /* TransactionTableViewCell.swift in Sources */ = {isa = PBXBuildFile; fileRef = 592AE70525F64500003543B7 /* TransactionTableViewCell.swift */; };
		592AE70825F64500003543B7 /* TransactionTableViewCell.xib in Resources */ = {isa = PBXBuildFile; fileRef = 592AE70625F64500003543B7 /* TransactionTableViewCell.xib */; };
		592AE70F25F65310003543B7 /* NewTransactionViewController.swift in Sources */ = {isa = PBXBuildFile; fileRef = 592AE70E25F65310003543B7 /* NewTransactionViewController.swift */; };
		592AE71225F65426003543B7 /* NewTransaction.storyboard in Resources */ = {isa = PBXBuildFile; fileRef = 592AE71125F65426003543B7 /* NewTransaction.storyboard */; };
		592AE71725F66AD5003543B7 /* ConfirmationTransactionViewController.swift in Sources */ = {isa = PBXBuildFile; fileRef = 592AE71625F66AD5003543B7 /* ConfirmationTransactionViewController.swift */; };
		59385FF025CC50A9003600D2 /* SignUpViewController.swift in Sources */ = {isa = PBXBuildFile; fileRef = 59385FEF25CC50A9003600D2 /* SignUpViewController.swift */; };
		593AE04F25E692FF00DEB157 /* Home.storyboard in Resources */ = {isa = PBXBuildFile; fileRef = 593AE04E25E692FF00DEB157 /* Home.storyboard */; };
		593AE05625E6A00200DEB157 /* HomeTabBarController.swift in Sources */ = {isa = PBXBuildFile; fileRef = 593AE05525E6A00200DEB157 /* HomeTabBarController.swift */; };
		5968708725F29B39001BDE11 /* DepositViewController.swift in Sources */ = {isa = PBXBuildFile; fileRef = 5968708625F29B39001BDE11 /* DepositViewController.swift */; };
		5968708B25F29B48001BDE11 /* Deposit.storyboard in Resources */ = {isa = PBXBuildFile; fileRef = 5968708A25F29B48001BDE11 /* Deposit.storyboard */; };
		596A698225DE7FEE0068099E /* CollectionViewCell.swift in Sources */ = {isa = PBXBuildFile; fileRef = 596A698025DE7FEE0068099E /* CollectionViewCell.swift */; };
		596A698325DE7FEE0068099E /* CollectionViewCell.xib in Resources */ = {isa = PBXBuildFile; fileRef = 596A698125DE7FEE0068099E /* CollectionViewCell.xib */; };
		597D66A725C80FA40051E84A /* AppDelegate.swift in Sources */ = {isa = PBXBuildFile; fileRef = 597D66A625C80FA40051E84A /* AppDelegate.swift */; };
		597D66A925C80FA40051E84A /* SceneDelegate.swift in Sources */ = {isa = PBXBuildFile; fileRef = 597D66A825C80FA40051E84A /* SceneDelegate.swift */; };
		597D66AB25C80FA40051E84A /* SignInViewController.swift in Sources */ = {isa = PBXBuildFile; fileRef = 597D66AA25C80FA40051E84A /* SignInViewController.swift */; };
		597D66AE25C80FA40051E84A /* Main.storyboard in Resources */ = {isa = PBXBuildFile; fileRef = 597D66AC25C80FA40051E84A /* Main.storyboard */; };
		597D66B025C80FA50051E84A /* Assets.xcassets in Resources */ = {isa = PBXBuildFile; fileRef = 597D66AF25C80FA50051E84A /* Assets.xcassets */; };
		597D66B325C80FA50051E84A /* LaunchScreen.storyboard in Resources */ = {isa = PBXBuildFile; fileRef = 597D66B125C80FA50051E84A /* LaunchScreen.storyboard */; };
		5996B4A525E54C3A00FB0BDB /* Branch+CoreDataClass.swift in Sources */ = {isa = PBXBuildFile; fileRef = 5996B49325E54C3A00FB0BDB /* Branch+CoreDataClass.swift */; };
		5996B4A625E54C3A00FB0BDB /* Branch+CoreDataProperties.swift in Sources */ = {isa = PBXBuildFile; fileRef = 5996B49425E54C3A00FB0BDB /* Branch+CoreDataProperties.swift */; };
		5996B4AB25E54C3A00FB0BDB /* Bank+CoreDataClass.swift in Sources */ = {isa = PBXBuildFile; fileRef = 5996B49925E54C3A00FB0BDB /* Bank+CoreDataClass.swift */; };
		5996B4AC25E54C3A00FB0BDB /* Bank+CoreDataProperties.swift in Sources */ = {isa = PBXBuildFile; fileRef = 5996B49A25E54C3A00FB0BDB /* Bank+CoreDataProperties.swift */; };
		5996B4AD25E54C3A00FB0BDB /* ATM+CoreDataClass.swift in Sources */ = {isa = PBXBuildFile; fileRef = 5996B49B25E54C3A00FB0BDB /* ATM+CoreDataClass.swift */; };
		5996B4AE25E54C3A00FB0BDB /* ATM+CoreDataProperties.swift in Sources */ = {isa = PBXBuildFile; fileRef = 5996B49C25E54C3A00FB0BDB /* ATM+CoreDataProperties.swift */; };
		5996B4AF25E54C3A00FB0BDB /* Card+CoreDataClass.swift in Sources */ = {isa = PBXBuildFile; fileRef = 5996B49D25E54C3A00FB0BDB /* Card+CoreDataClass.swift */; };
		5996B4B025E54C3A00FB0BDB /* Card+CoreDataProperties.swift in Sources */ = {isa = PBXBuildFile; fileRef = 5996B49E25E54C3A00FB0BDB /* Card+CoreDataProperties.swift */; };
		599E61DD25CAF51500DF5A38 /* MainViewController.swift in Sources */ = {isa = PBXBuildFile; fileRef = 599E61DC25CAF51500DF5A38 /* MainViewController.swift */; };
		59A42D0C25ECE3AC002C8EF9 /* AccountsViewController.swift in Sources */ = {isa = PBXBuildFile; fileRef = 59A42D0B25ECE3AC002C8EF9 /* AccountsViewController.swift */; };
		59A42D0F25ECE3D9002C8EF9 /* TransansactionsViewController.swift in Sources */ = {isa = PBXBuildFile; fileRef = 59A42D0E25ECE3D9002C8EF9 /* TransansactionsViewController.swift */; };
		59A42D1225ECE407002C8EF9 /* CreditsViewController.swift in Sources */ = {isa = PBXBuildFile; fileRef = 59A42D1125ECE407002C8EF9 /* CreditsViewController.swift */; };
		59A42D1925ED2D0B002C8EF9 /* DesignFunctions.swift in Sources */ = {isa = PBXBuildFile; fileRef = 59A42D1825ED2D0B002C8EF9 /* DesignFunctions.swift */; };
		59B3B2A325F15635008BC962 /* DepositsViewController.swift in Sources */ = {isa = PBXBuildFile; fileRef = 59B3B2A225F15635008BC962 /* DepositsViewController.swift */; };
		59B3B2A925F15A8A008BC962 /* DepositTableViewCell.swift in Sources */ = {isa = PBXBuildFile; fileRef = 59B3B2A725F15A8A008BC962 /* DepositTableViewCell.swift */; };
		59B3B2AA25F15A8A008BC962 /* DepositTableViewCell.xib in Resources */ = {isa = PBXBuildFile; fileRef = 59B3B2A825F15A8A008BC962 /* DepositTableViewCell.xib */; };
		59B86A9625D6C4D4007659ED /* Free Bank.xcdatamodeld in Sources */ = {isa = PBXBuildFile; fileRef = 59B86A9425D6C4D4007659ED /* Free Bank.xcdatamodeld */; };
		59CF7AB925DBDB3700DEF5DC /* CheckDataFunctions.swift in Sources */ = {isa = PBXBuildFile; fileRef = 59CF7AB825DBDB3700DEF5DC /* CheckDataFunctions.swift */; };
		59DFC2A425E77E42000EDCF9 /* bankInfo.storyboard in Resources */ = {isa = PBXBuildFile; fileRef = 59DFC2A325E77E42000EDCF9 /* bankInfo.storyboard */; };
		59DFC2A925E7819C000EDCF9 /* BankInfoViewController.swift in Sources */ = {isa = PBXBuildFile; fileRef = 59DFC2A825E7819C000EDCF9 /* BankInfoViewController.swift */; };
		59DFC2AF25E78421000EDCF9 /* ContactsViewController.swift in Sources */ = {isa = PBXBuildFile; fileRef = 59DFC2AE25E78421000EDCF9 /* ContactsViewController.swift */; };
		59DFC2B725E784EC000EDCF9 /* Contacts.storyboard in Resources */ = {isa = PBXBuildFile; fileRef = 59DFC2B625E784EC000EDCF9 /* Contacts.storyboard */; };
		59DFC2D025E7DE62000EDCF9 /* EndOfSignUpViewController.swift in Sources */ = {isa = PBXBuildFile; fileRef = 59DFC2CF25E7DE62000EDCF9 /* EndOfSignUpViewController.swift */; };
		59E5DAAB25CD8D0400354F4B /* SignUp.storyboard in Resources */ = {isa = PBXBuildFile; fileRef = 59E5DAAA25CD8D0400354F4B /* SignUp.storyboard */; };
		59E5DAAF25CD8DA700354F4B /* SignIn.storyboard in Resources */ = {isa = PBXBuildFile; fileRef = 59E5DAAE25CD8DA700354F4B /* SignIn.storyboard */; };
		59ED9D7625F7DEB200C43CEE /* CreateSalaryProjectViewController.swift in Sources */ = {isa = PBXBuildFile; fileRef = 59ED9D7525F7DEB200C43CEE /* CreateSalaryProjectViewController.swift */; };
		59ED9D7925F7DED300C43CEE /* PaySalaryProjectViewController.swift in Sources */ = {isa = PBXBuildFile; fileRef = 59ED9D7825F7DED300C43CEE /* PaySalaryProjectViewController.swift */; };
		59ED9D7C25F7DEEC00C43CEE /* ChangeSalaryProjectViewController.swift in Sources */ = {isa = PBXBuildFile; fileRef = 59ED9D7B25F7DEEC00C43CEE /* ChangeSalaryProjectViewController.swift */; };
		59ED9D7F25F7DF0900C43CEE /* CreateSalaryProject.storyboard in Resources */ = {isa = PBXBuildFile; fileRef = 59ED9D7E25F7DF0900C43CEE /* CreateSalaryProject.storyboard */; };
		59ED9D8225F7DF2000C43CEE /* PaySalaryProject.storyboard in Resources */ = {isa = PBXBuildFile; fileRef = 59ED9D8125F7DF2000C43CEE /* PaySalaryProject.storyboard */; };
		59ED9D8525F7DF3700C43CEE /* ChangeSalaryProject.storyboard in Resources */ = {isa = PBXBuildFile; fileRef = 59ED9D8425F7DF3700C43CEE /* ChangeSalaryProject.storyboard */; };
		59F4BAED25E64AA7002FF477 /* TemplateEntities.swift in Sources */ = {isa = PBXBuildFile; fileRef = 59F4BAEC25E64AA7002FF477 /* TemplateEntities.swift */; };
		59FC3A3A25F2472E0019EE72 /* NewDeposit.storyboard in Resources */ = {isa = PBXBuildFile; fileRef = 59FC3A3925F2472E0019EE72 /* NewDeposit.storyboard */; };
		59FC3A4525F24DB20019EE72 /* ConfirmationDepositViewController.swift in Sources */ = {isa = PBXBuildFile; fileRef = 59FC3A4425F24DB20019EE72 /* ConfirmationDepositViewController.swift */; };
/* End PBXBuildFile section */

/* Begin PBXFileReference section */
		311B425225EF9B0400F2C412 /* ConfirmationCreditViewController.swift */ = {isa = PBXFileReference; lastKnownFileType = sourcecode.swift; path = ConfirmationCreditViewController.swift; sourceTree = "<group>"; };
		311D8E4525F0C816005BFB51 /* Account+CoreDataClass.swift */ = {isa = PBXFileReference; lastKnownFileType = sourcecode.swift; name = "Account+CoreDataClass.swift"; path = "../../Account+CoreDataClass.swift"; sourceTree = "<group>"; };
		311D8E4625F0C816005BFB51 /* Account+CoreDataProperties.swift */ = {isa = PBXFileReference; lastKnownFileType = sourcecode.swift; name = "Account+CoreDataProperties.swift"; path = "../../Account+CoreDataProperties.swift"; sourceTree = "<group>"; };
		311D8E4725F0C816005BFB51 /* Transaction+CoreDataClass.swift */ = {isa = PBXFileReference; lastKnownFileType = sourcecode.swift; name = "Transaction+CoreDataClass.swift"; path = "../../Transaction+CoreDataClass.swift"; sourceTree = "<group>"; };
		311D8E4825F0C816005BFB51 /* Transaction+CoreDataProperties.swift */ = {isa = PBXFileReference; lastKnownFileType = sourcecode.swift; name = "Transaction+CoreDataProperties.swift"; path = "../../Transaction+CoreDataProperties.swift"; sourceTree = "<group>"; };
		311E330D25EE2A8C0048C231 /* NewCredit.storyboard */ = {isa = PBXFileReference; lastKnownFileType = file.storyboard; path = NewCredit.storyboard; sourceTree = "<group>"; };
		311E331025EE2AA70048C231 /* NewCreditViewController.swift */ = {isa = PBXFileReference; lastKnownFileType = sourcecode.swift; path = NewCreditViewController.swift; sourceTree = "<group>"; };
		312CE36825F24DF200E477FB /* Individual+CoreDataClass.swift */ = {isa = PBXFileReference; lastKnownFileType = sourcecode.swift; path = "Individual+CoreDataClass.swift"; sourceTree = "<group>"; };
		312CE36925F24DF200E477FB /* Individual+CoreDataProperties.swift */ = {isa = PBXFileReference; lastKnownFileType = sourcecode.swift; path = "Individual+CoreDataProperties.swift"; sourceTree = "<group>"; };
		312CE36A25F24DF200E477FB /* Organization+CoreDataClass.swift */ = {isa = PBXFileReference; lastKnownFileType = sourcecode.swift; path = "Organization+CoreDataClass.swift"; sourceTree = "<group>"; };
		312CE36B25F24DF200E477FB /* Organization+CoreDataProperties.swift */ = {isa = PBXFileReference; lastKnownFileType = sourcecode.swift; path = "Organization+CoreDataProperties.swift"; sourceTree = "<group>"; };
		3148234D25D6D23E008288FC /* ExchangeRate.storyboard */ = {isa = PBXFileReference; lastKnownFileType = file.storyboard; path = ExchangeRate.storyboard; sourceTree = "<group>"; };
		3148235025D6D258008288FC /* ExchangeRateTableViewController.swift */ = {isa = PBXFileReference; lastKnownFileType = sourcecode.swift; path = ExchangeRateTableViewController.swift; sourceTree = "<group>"; };
		3153815E25F0EDB500659252 /* Credit+CoreDataClass.swift */ = {isa = PBXFileReference; lastKnownFileType = sourcecode.swift; path = "Credit+CoreDataClass.swift"; sourceTree = "<group>"; };
		3153815F25F0EDB500659252 /* Credit+CoreDataProperties.swift */ = {isa = PBXFileReference; lastKnownFileType = sourcecode.swift; path = "Credit+CoreDataProperties.swift"; sourceTree = "<group>"; };
		31E793A525E9565100667F99 /* UtilityFunctions.swift */ = {isa = PBXFileReference; lastKnownFileType = sourcecode.swift; path = UtilityFunctions.swift; sourceTree = "<group>"; };
		31FA59D525F24E9300EA5D3D /* Deposit+CoreDataClass.swift */ = {isa = PBXFileReference; lastKnownFileType = sourcecode.swift; path = "Deposit+CoreDataClass.swift"; sourceTree = "<group>"; };
		31FA59D625F24E9300EA5D3D /* Deposit+CoreDataProperties.swift */ = {isa = PBXFileReference; lastKnownFileType = sourcecode.swift; path = "Deposit+CoreDataProperties.swift"; sourceTree = "<group>"; };
		59031DB425EF90E400B4DE9D /* CreditTableViewCell.swift */ = {isa = PBXFileReference; lastKnownFileType = sourcecode.swift; path = CreditTableViewCell.swift; sourceTree = "<group>"; };
		59031DB525EF90E400B4DE9D /* CreditTableViewCell.xib */ = {isa = PBXFileReference; lastKnownFileType = file.xib; path = CreditTableViewCell.xib; sourceTree = "<group>"; };
		5904330125EE2D8C00BF5412 /* AccountTableViewCell.swift */ = {isa = PBXFileReference; lastKnownFileType = sourcecode.swift; path = AccountTableViewCell.swift; sourceTree = "<group>"; };
		5904330225EE2D8C00BF5412 /* AccountTableViewCell.xib */ = {isa = PBXFileReference; lastKnownFileType = file.xib; path = AccountTableViewCell.xib; sourceTree = "<group>"; };
		5904330B25EE4C6700BF5412 /* Cards.storyboard */ = {isa = PBXFileReference; lastKnownFileType = file.storyboard; path = Cards.storyboard; sourceTree = "<group>"; };
		5904330E25EE4D9000BF5412 /* CardsViewController.swift */ = {isa = PBXFileReference; lastKnownFileType = sourcecode.swift; path = CardsViewController.swift; sourceTree = "<group>"; };
		5904334E25EE751500BF5412 /* CardTableViewCell.swift */ = {isa = PBXFileReference; lastKnownFileType = sourcecode.swift; path = CardTableViewCell.swift; sourceTree = "<group>"; };
		5904334F25EE751500BF5412 /* CardTableViewCell.xib */ = {isa = PBXFileReference; lastKnownFileType = file.xib; path = CardTableViewCell.xib; sourceTree = "<group>"; };
		5916FA6925EA376C0022A4B0 /* Adresses.storyboard */ = {isa = PBXFileReference; lastKnownFileType = file.storyboard; path = Adresses.storyboard; sourceTree = "<group>"; };
		5916FA6C25EA38890022A4B0 /* AddressesTableViewController.swift */ = {isa = PBXFileReference; lastKnownFileType = sourcecode.swift; path = AddressesTableViewController.swift; sourceTree = "<group>"; };
		5916FA7125EA679D0022A4B0 /* OtherPageHomeViewController.swift */ = {isa = PBXFileReference; lastKnownFileType = sourcecode.swift; path = OtherPageHomeViewController.swift; sourceTree = "<group>"; };
		5923D6DB25F115D000EBA865 /* Credit.storyboard */ = {isa = PBXFileReference; lastKnownFileType = file.storyboard; path = Credit.storyboard; sourceTree = "<group>"; };
		5923D6DE25F115EF00EBA865 /* CreditViewController.swift */ = {isa = PBXFileReference; lastKnownFileType = sourcecode.swift; path = CreditViewController.swift; sourceTree = "<group>"; };
		59298A5D25E3EDD3007F0622 /* CollectionView.swift */ = {isa = PBXFileReference; lastKnownFileType = sourcecode.swift; path = CollectionView.swift; sourceTree = "<group>"; };
		592AE50A25D3D45D000C99E5 /* Alerts.swift */ = {isa = PBXFileReference; lastKnownFileType = sourcecode.swift; path = Alerts.swift; sourceTree = "<group>"; };
		592AE70525F64500003543B7 /* TransactionTableViewCell.swift */ = {isa = PBXFileReference; lastKnownFileType = sourcecode.swift; path = TransactionTableViewCell.swift; sourceTree = "<group>"; };
		592AE70625F64500003543B7 /* TransactionTableViewCell.xib */ = {isa = PBXFileReference; lastKnownFileType = file.xib; path = TransactionTableViewCell.xib; sourceTree = "<group>"; };
		592AE70E25F65310003543B7 /* NewTransactionViewController.swift */ = {isa = PBXFileReference; lastKnownFileType = sourcecode.swift; path = NewTransactionViewController.swift; sourceTree = "<group>"; };
		592AE71125F65426003543B7 /* NewTransaction.storyboard */ = {isa = PBXFileReference; lastKnownFileType = file.storyboard; path = NewTransaction.storyboard; sourceTree = "<group>"; };
		592AE71625F66AD5003543B7 /* ConfirmationTransactionViewController.swift */ = {isa = PBXFileReference; lastKnownFileType = sourcecode.swift; path = ConfirmationTransactionViewController.swift; sourceTree = "<group>"; };
		59385FEF25CC50A9003600D2 /* SignUpViewController.swift */ = {isa = PBXFileReference; lastKnownFileType = sourcecode.swift; path = SignUpViewController.swift; sourceTree = "<group>"; };
		593AE04E25E692FF00DEB157 /* Home.storyboard */ = {isa = PBXFileReference; lastKnownFileType = file.storyboard; path = Home.storyboard; sourceTree = "<group>"; };
		593AE05525E6A00200DEB157 /* HomeTabBarController.swift */ = {isa = PBXFileReference; lastKnownFileType = sourcecode.swift; path = HomeTabBarController.swift; sourceTree = "<group>"; };
		5968708625F29B39001BDE11 /* DepositViewController.swift */ = {isa = PBXFileReference; lastKnownFileType = sourcecode.swift; path = DepositViewController.swift; sourceTree = "<group>"; };
		5968708A25F29B48001BDE11 /* Deposit.storyboard */ = {isa = PBXFileReference; lastKnownFileType = file.storyboard; path = Deposit.storyboard; sourceTree = "<group>"; };
		596A698025DE7FEE0068099E /* CollectionViewCell.swift */ = {isa = PBXFileReference; lastKnownFileType = sourcecode.swift; path = CollectionViewCell.swift; sourceTree = "<group>"; };
		596A698125DE7FEE0068099E /* CollectionViewCell.xib */ = {isa = PBXFileReference; lastKnownFileType = file.xib; path = CollectionViewCell.xib; sourceTree = "<group>"; };
		597D66A325C80FA40051E84A /* Free Bank.app */ = {isa = PBXFileReference; explicitFileType = wrapper.application; includeInIndex = 0; path = "Free Bank.app"; sourceTree = BUILT_PRODUCTS_DIR; };
		597D66A625C80FA40051E84A /* AppDelegate.swift */ = {isa = PBXFileReference; lastKnownFileType = sourcecode.swift; path = AppDelegate.swift; sourceTree = "<group>"; };
		597D66A825C80FA40051E84A /* SceneDelegate.swift */ = {isa = PBXFileReference; lastKnownFileType = sourcecode.swift; path = SceneDelegate.swift; sourceTree = "<group>"; };
		597D66AA25C80FA40051E84A /* SignInViewController.swift */ = {isa = PBXFileReference; lastKnownFileType = sourcecode.swift; path = SignInViewController.swift; sourceTree = "<group>"; };
		597D66AD25C80FA40051E84A /* Base */ = {isa = PBXFileReference; lastKnownFileType = file.storyboard; name = Base; path = Base.lproj/Main.storyboard; sourceTree = "<group>"; };
		597D66AF25C80FA50051E84A /* Assets.xcassets */ = {isa = PBXFileReference; lastKnownFileType = folder.assetcatalog; path = Assets.xcassets; sourceTree = "<group>"; };
		597D66B225C80FA50051E84A /* Base */ = {isa = PBXFileReference; lastKnownFileType = file.storyboard; name = Base; path = Base.lproj/LaunchScreen.storyboard; sourceTree = "<group>"; };
		597D66B425C80FA50051E84A /* Info.plist */ = {isa = PBXFileReference; lastKnownFileType = text.plist.xml; path = Info.plist; sourceTree = "<group>"; };
		5996B49325E54C3A00FB0BDB /* Branch+CoreDataClass.swift */ = {isa = PBXFileReference; lastKnownFileType = sourcecode.swift; path = "Branch+CoreDataClass.swift"; sourceTree = "<group>"; };
		5996B49425E54C3A00FB0BDB /* Branch+CoreDataProperties.swift */ = {isa = PBXFileReference; lastKnownFileType = sourcecode.swift; path = "Branch+CoreDataProperties.swift"; sourceTree = "<group>"; };
		5996B49925E54C3A00FB0BDB /* Bank+CoreDataClass.swift */ = {isa = PBXFileReference; lastKnownFileType = sourcecode.swift; path = "Bank+CoreDataClass.swift"; sourceTree = "<group>"; };
		5996B49A25E54C3A00FB0BDB /* Bank+CoreDataProperties.swift */ = {isa = PBXFileReference; lastKnownFileType = sourcecode.swift; path = "Bank+CoreDataProperties.swift"; sourceTree = "<group>"; };
		5996B49B25E54C3A00FB0BDB /* ATM+CoreDataClass.swift */ = {isa = PBXFileReference; lastKnownFileType = sourcecode.swift; path = "ATM+CoreDataClass.swift"; sourceTree = "<group>"; };
		5996B49C25E54C3A00FB0BDB /* ATM+CoreDataProperties.swift */ = {isa = PBXFileReference; lastKnownFileType = sourcecode.swift; path = "ATM+CoreDataProperties.swift"; sourceTree = "<group>"; };
		5996B49D25E54C3A00FB0BDB /* Card+CoreDataClass.swift */ = {isa = PBXFileReference; lastKnownFileType = sourcecode.swift; path = "Card+CoreDataClass.swift"; sourceTree = "<group>"; };
		5996B49E25E54C3A00FB0BDB /* Card+CoreDataProperties.swift */ = {isa = PBXFileReference; lastKnownFileType = sourcecode.swift; path = "Card+CoreDataProperties.swift"; sourceTree = "<group>"; };
		599E61DC25CAF51500DF5A38 /* MainViewController.swift */ = {isa = PBXFileReference; lastKnownFileType = sourcecode.swift; path = MainViewController.swift; sourceTree = "<group>"; };
		59A42D0B25ECE3AC002C8EF9 /* AccountsViewController.swift */ = {isa = PBXFileReference; lastKnownFileType = sourcecode.swift; path = AccountsViewController.swift; sourceTree = "<group>"; };
		59A42D0E25ECE3D9002C8EF9 /* TransansactionsViewController.swift */ = {isa = PBXFileReference; lastKnownFileType = sourcecode.swift; path = TransansactionsViewController.swift; sourceTree = "<group>"; };
		59A42D1125ECE407002C8EF9 /* CreditsViewController.swift */ = {isa = PBXFileReference; lastKnownFileType = sourcecode.swift; path = CreditsViewController.swift; sourceTree = "<group>"; };
		59A42D1825ED2D0B002C8EF9 /* DesignFunctions.swift */ = {isa = PBXFileReference; lastKnownFileType = sourcecode.swift; path = DesignFunctions.swift; sourceTree = "<group>"; };
		59B3B2A225F15635008BC962 /* DepositsViewController.swift */ = {isa = PBXFileReference; lastKnownFileType = sourcecode.swift; path = DepositsViewController.swift; sourceTree = "<group>"; };
		59B3B2A725F15A8A008BC962 /* DepositTableViewCell.swift */ = {isa = PBXFileReference; lastKnownFileType = sourcecode.swift; path = DepositTableViewCell.swift; sourceTree = "<group>"; };
		59B3B2A825F15A8A008BC962 /* DepositTableViewCell.xib */ = {isa = PBXFileReference; lastKnownFileType = file.xib; path = DepositTableViewCell.xib; sourceTree = "<group>"; };
		59B86A9525D6C4D4007659ED /* Free Bank.xcdatamodel */ = {isa = PBXFileReference; lastKnownFileType = wrapper.xcdatamodel; path = "Free Bank.xcdatamodel"; sourceTree = "<group>"; };
		59CF7AB825DBDB3700DEF5DC /* CheckDataFunctions.swift */ = {isa = PBXFileReference; lastKnownFileType = sourcecode.swift; path = CheckDataFunctions.swift; sourceTree = "<group>"; };
		59DFC2A325E77E42000EDCF9 /* bankInfo.storyboard */ = {isa = PBXFileReference; lastKnownFileType = file.storyboard; path = bankInfo.storyboard; sourceTree = "<group>"; };
		59DFC2A825E7819C000EDCF9 /* BankInfoViewController.swift */ = {isa = PBXFileReference; lastKnownFileType = sourcecode.swift; path = BankInfoViewController.swift; sourceTree = "<group>"; };
		59DFC2AE25E78421000EDCF9 /* ContactsViewController.swift */ = {isa = PBXFileReference; lastKnownFileType = sourcecode.swift; path = ContactsViewController.swift; sourceTree = "<group>"; };
		59DFC2B625E784EC000EDCF9 /* Contacts.storyboard */ = {isa = PBXFileReference; lastKnownFileType = file.storyboard; path = Contacts.storyboard; sourceTree = "<group>"; };
		59DFC2CF25E7DE62000EDCF9 /* EndOfSignUpViewController.swift */ = {isa = PBXFileReference; lastKnownFileType = sourcecode.swift; path = EndOfSignUpViewController.swift; sourceTree = "<group>"; };
		59E5DAAA25CD8D0400354F4B /* SignUp.storyboard */ = {isa = PBXFileReference; lastKnownFileType = file.storyboard; path = SignUp.storyboard; sourceTree = "<group>"; };
		59E5DAAE25CD8DA700354F4B /* SignIn.storyboard */ = {isa = PBXFileReference; lastKnownFileType = file.storyboard; path = SignIn.storyboard; sourceTree = "<group>"; };
		59ED9D7525F7DEB200C43CEE /* CreateSalaryProjectViewController.swift */ = {isa = PBXFileReference; lastKnownFileType = sourcecode.swift; path = CreateSalaryProjectViewController.swift; sourceTree = "<group>"; };
		59ED9D7825F7DED300C43CEE /* PaySalaryProjectViewController.swift */ = {isa = PBXFileReference; lastKnownFileType = sourcecode.swift; path = PaySalaryProjectViewController.swift; sourceTree = "<group>"; };
		59ED9D7B25F7DEEC00C43CEE /* ChangeSalaryProjectViewController.swift */ = {isa = PBXFileReference; lastKnownFileType = sourcecode.swift; path = ChangeSalaryProjectViewController.swift; sourceTree = "<group>"; };
		59ED9D7E25F7DF0900C43CEE /* CreateSalaryProject.storyboard */ = {isa = PBXFileReference; lastKnownFileType = file.storyboard; path = CreateSalaryProject.storyboard; sourceTree = "<group>"; };
		59ED9D8125F7DF2000C43CEE /* PaySalaryProject.storyboard */ = {isa = PBXFileReference; lastKnownFileType = file.storyboard; path = PaySalaryProject.storyboard; sourceTree = "<group>"; };
		59ED9D8425F7DF3700C43CEE /* ChangeSalaryProject.storyboard */ = {isa = PBXFileReference; lastKnownFileType = file.storyboard; path = ChangeSalaryProject.storyboard; sourceTree = "<group>"; };
		59F4BAEC25E64AA7002FF477 /* TemplateEntities.swift */ = {isa = PBXFileReference; lastKnownFileType = sourcecode.swift; path = TemplateEntities.swift; sourceTree = "<group>"; };
		59FC3A3925F2472E0019EE72 /* NewDeposit.storyboard */ = {isa = PBXFileReference; lastKnownFileType = file.storyboard; path = NewDeposit.storyboard; sourceTree = "<group>"; };
		59FC3A4125F2484A0019EE72 /* NewDepositViewController.swift */ = {isa = PBXFileReference; lastKnownFileType = sourcecode.swift; path = NewDepositViewController.swift; sourceTree = "<group>"; };
		59FC3A4425F24DB20019EE72 /* ConfirmationDepositViewController.swift */ = {isa = PBXFileReference; lastKnownFileType = sourcecode.swift; path = ConfirmationDepositViewController.swift; sourceTree = "<group>"; };
/* End PBXFileReference section */

/* Begin PBXFrameworksBuildPhase section */
		597D66A025C80FA40051E84A /* Frameworks */ = {
			isa = PBXFrameworksBuildPhase;
			buildActionMask = 2147483647;
			files = (
			);
			runOnlyForDeploymentPostprocessing = 0;
		};
/* End PBXFrameworksBuildPhase section */

/* Begin PBXGroup section */
		311E330C25EE2A510048C231 /* NewCredit */ = {
			isa = PBXGroup;
			children = (
				311E330D25EE2A8C0048C231 /* NewCredit.storyboard */,
				311E331025EE2AA70048C231 /* NewCreditViewController.swift */,
				311B425225EF9B0400F2C412 /* ConfirmationCreditViewController.swift */,
			);
			path = NewCredit;
			sourceTree = "<group>";
		};
		3148234B25D6CED1008288FC /* Static Pages */ = {
			isa = PBXGroup;
			children = (
				596A697E25DE70F90068099E /* CollectionView */,
				3148234C25D6CF79008288FC /* Exchange Rate */,
				59DFC2A225E77D17000EDCF9 /* BankInfo */,
				5916FA6825EA37380022A4B0 /* Addresses */,
				59DFC2AD25E783E7000EDCF9 /* Contacts */,
			);
			path = "Static Pages";
			sourceTree = "<group>";
		};
		3148234C25D6CF79008288FC /* Exchange Rate */ = {
			isa = PBXGroup;
			children = (
				3148234D25D6D23E008288FC /* ExchangeRate.storyboard */,
				3148235025D6D258008288FC /* ExchangeRateTableViewController.swift */,
			);
			path = "Exchange Rate";
			sourceTree = "<group>";
		};
		318CA72A25E524360066957D /* Models */ = {
			isa = PBXGroup;
			children = (
				31FA59D525F24E9300EA5D3D /* Deposit+CoreDataClass.swift */,
				31FA59D625F24E9300EA5D3D /* Deposit+CoreDataProperties.swift */,
				312CE36825F24DF200E477FB /* Individual+CoreDataClass.swift */,
				312CE36925F24DF200E477FB /* Individual+CoreDataProperties.swift */,
				312CE36A25F24DF200E477FB /* Organization+CoreDataClass.swift */,
				312CE36B25F24DF200E477FB /* Organization+CoreDataProperties.swift */,
				3153815E25F0EDB500659252 /* Credit+CoreDataClass.swift */,
				3153815F25F0EDB500659252 /* Credit+CoreDataProperties.swift */,
				311D8E4625F0C816005BFB51 /* Account+CoreDataProperties.swift */,
				311D8E4525F0C816005BFB51 /* Account+CoreDataClass.swift */,
				311D8E4725F0C816005BFB51 /* Transaction+CoreDataClass.swift */,
				311D8E4825F0C816005BFB51 /* Transaction+CoreDataProperties.swift */,
				5996B49325E54C3A00FB0BDB /* Branch+CoreDataClass.swift */,
				5996B49425E54C3A00FB0BDB /* Branch+CoreDataProperties.swift */,
				5996B49925E54C3A00FB0BDB /* Bank+CoreDataClass.swift */,
				5996B49A25E54C3A00FB0BDB /* Bank+CoreDataProperties.swift */,
				5996B49B25E54C3A00FB0BDB /* ATM+CoreDataClass.swift */,
				5996B49C25E54C3A00FB0BDB /* ATM+CoreDataProperties.swift */,
				5996B49D25E54C3A00FB0BDB /* Card+CoreDataClass.swift */,
				5996B49E25E54C3A00FB0BDB /* Card+CoreDataProperties.swift */,
			);
			path = Models;
			sourceTree = "<group>";
		};
		31C1A60F25F125D5001C6C14 /* HomeTabBar */ = {
			isa = PBXGroup;
			children = (
				593AE04E25E692FF00DEB157 /* Home.storyboard */,
				59A42D1125ECE407002C8EF9 /* CreditsViewController.swift */,
				593AE05525E6A00200DEB157 /* HomeTabBarController.swift */,
				59A42D0B25ECE3AC002C8EF9 /* AccountsViewController.swift */,
				59A42D0E25ECE3D9002C8EF9 /* TransansactionsViewController.swift */,
				5916FA7125EA679D0022A4B0 /* OtherPageHomeViewController.swift */,
				59B3B2A225F15635008BC962 /* DepositsViewController.swift */,
			);
			path = HomeTabBar;
			sourceTree = "<group>";
		};
		59031DB325EF90C700B4DE9D /* CreditTableViewCell */ = {
			isa = PBXGroup;
			children = (
				59031DB425EF90E400B4DE9D /* CreditTableViewCell.swift */,
				59031DB525EF90E400B4DE9D /* CreditTableViewCell.xib */,
			);
			path = CreditTableViewCell;
			sourceTree = "<group>";
		};
		59031DBA25EF941E00B4DE9D /* CardTableViewCell */ = {
			isa = PBXGroup;
			children = (
				5904334F25EE751500BF5412 /* CardTableViewCell.xib */,
				5904334E25EE751500BF5412 /* CardTableViewCell.swift */,
			);
			path = CardTableViewCell;
			sourceTree = "<group>";
		};
		5904330025EE2D5300BF5412 /* AccountTableViewCell */ = {
			isa = PBXGroup;
			children = (
				5904330225EE2D8C00BF5412 /* AccountTableViewCell.xib */,
				5904330125EE2D8C00BF5412 /* AccountTableViewCell.swift */,
			);
			path = AccountTableViewCell;
			sourceTree = "<group>";
		};
		5904330A25EE4C3F00BF5412 /* Cards */ = {
			isa = PBXGroup;
			children = (
				59031DBA25EF941E00B4DE9D /* CardTableViewCell */,
				5904330B25EE4C6700BF5412 /* Cards.storyboard */,
				5904330E25EE4D9000BF5412 /* CardsViewController.swift */,
			);
			path = Cards;
			sourceTree = "<group>";
		};
		5916FA6825EA37380022A4B0 /* Addresses */ = {
			isa = PBXGroup;
			children = (
				5916FA6925EA376C0022A4B0 /* Adresses.storyboard */,
				5916FA6C25EA38890022A4B0 /* AddressesTableViewController.swift */,
			);
			path = Addresses;
			sourceTree = "<group>";
		};
		5923D6D925F1151900EBA865 /* Credit */ = {
			isa = PBXGroup;
			children = (
				5923D6DB25F115D000EBA865 /* Credit.storyboard */,
				5923D6DE25F115EF00EBA865 /* CreditViewController.swift */,
			);
			path = Credit;
			sourceTree = "<group>";
		};
		592AE50925D3D3BA000C99E5 /* Utils */ = {
			isa = PBXGroup;
			children = (
				592AE50A25D3D45D000C99E5 /* Alerts.swift */,
				59CF7AB825DBDB3700DEF5DC /* CheckDataFunctions.swift */,
				59F4BAEC25E64AA7002FF477 /* TemplateEntities.swift */,
				31E793A525E9565100667F99 /* UtilityFunctions.swift */,
				59A42D1825ED2D0B002C8EF9 /* DesignFunctions.swift */,
			);
			path = Utils;
			sourceTree = "<group>";
		};
		592AE6FF25F604A8003543B7 /* TableViewCells */ = {
			isa = PBXGroup;
			children = (
				5904330025EE2D5300BF5412 /* AccountTableViewCell */,
				592AE70425F6447D003543B7 /* TransactionTableViewCell */,
				59031DB325EF90C700B4DE9D /* CreditTableViewCell */,
				59B3B2A625F15A6D008BC962 /* DepositTableViewCell */,
			);
			path = TableViewCells;
			sourceTree = "<group>";
		};
		592AE70425F6447D003543B7 /* TransactionTableViewCell */ = {
			isa = PBXGroup;
			children = (
				592AE70525F64500003543B7 /* TransactionTableViewCell.swift */,
				592AE70625F64500003543B7 /* TransactionTableViewCell.xib */,
			);
			path = TransactionTableViewCell;
			sourceTree = "<group>";
		};
		592AE70D25F652EE003543B7 /* NewTransaction */ = {
			isa = PBXGroup;
			children = (
				592AE71125F65426003543B7 /* NewTransaction.storyboard */,
				592AE70E25F65310003543B7 /* NewTransactionViewController.swift */,
				592AE71625F66AD5003543B7 /* ConfirmationTransactionViewController.swift */,
			);
			path = NewTransaction;
			sourceTree = "<group>";
		};
		593AE04D25E6909700DEB157 /* Home */ = {
			isa = PBXGroup;
			children = (
				59ED9D7125F7DDAE00C43CEE /* SalaryProject */,
				31C1A60F25F125D5001C6C14 /* HomeTabBar */,
				5904330A25EE4C3F00BF5412 /* Cards */,
				592AE70D25F652EE003543B7 /* NewTransaction */,
				5923D6D925F1151900EBA865 /* Credit */,
				311E330C25EE2A510048C231 /* NewCredit */,
				5968708525F29B26001BDE11 /* Deposit */,
				59FC3A3825F247080019EE72 /* NewDeposit */,
				592AE6FF25F604A8003543B7 /* TableViewCells */,
			);
			path = Home;
			sourceTree = "<group>";
		};
		5968708525F29B26001BDE11 /* Deposit */ = {
			isa = PBXGroup;
			children = (
				5968708A25F29B48001BDE11 /* Deposit.storyboard */,
				5968708625F29B39001BDE11 /* DepositViewController.swift */,
			);
			path = Deposit;
			sourceTree = "<group>";
		};
		596A697E25DE70F90068099E /* CollectionView */ = {
			isa = PBXGroup;
			children = (
				59298A5D25E3EDD3007F0622 /* CollectionView.swift */,
				596A698125DE7FEE0068099E /* CollectionViewCell.xib */,
				596A698025DE7FEE0068099E /* CollectionViewCell.swift */,
			);
			path = CollectionView;
			sourceTree = "<group>";
		};
		597D669A25C80FA40051E84A = {
			isa = PBXGroup;
			children = (
				597D66A525C80FA40051E84A /* Free Bank */,
				597D66A425C80FA40051E84A /* Products */,
			);
			sourceTree = "<group>";
		};
		597D66A425C80FA40051E84A /* Products */ = {
			isa = PBXGroup;
			children = (
				597D66A325C80FA40051E84A /* Free Bank.app */,
			);
			name = Products;
			sourceTree = "<group>";
		};
		597D66A525C80FA40051E84A /* Free Bank */ = {
			isa = PBXGroup;
			children = (
				318CA72A25E524360066957D /* Models */,
				592AE50925D3D3BA000C99E5 /* Utils */,
				597D66A625C80FA40051E84A /* AppDelegate.swift */,
				597D66A825C80FA40051E84A /* SceneDelegate.swift */,
				597D66AF25C80FA50051E84A /* Assets.xcassets */,
				597D66B425C80FA50051E84A /* Info.plist */,
				597D66B125C80FA50051E84A /* LaunchScreen.storyboard */,
				59E5DAB525CD90E700354F4B /* Main */,
				59E5DAB325CD901700354F4B /* SignIn */,
				59E5DAB425CD906C00354F4B /* SignUp */,
				593AE04D25E6909700DEB157 /* Home */,
				59B86A9425D6C4D4007659ED /* Free Bank.xcdatamodeld */,
			);
			path = "Free Bank";
			sourceTree = "<group>";
		};
		59B3B2A625F15A6D008BC962 /* DepositTableViewCell */ = {
			isa = PBXGroup;
			children = (
				59B3B2A725F15A8A008BC962 /* DepositTableViewCell.swift */,
				59B3B2A825F15A8A008BC962 /* DepositTableViewCell.xib */,
			);
			path = DepositTableViewCell;
			sourceTree = "<group>";
		};
		59DFC2A225E77D17000EDCF9 /* BankInfo */ = {
			isa = PBXGroup;
			children = (
				59DFC2A325E77E42000EDCF9 /* bankInfo.storyboard */,
				59DFC2A825E7819C000EDCF9 /* BankInfoViewController.swift */,
			);
			path = BankInfo;
			sourceTree = "<group>";
		};
		59DFC2AD25E783E7000EDCF9 /* Contacts */ = {
			isa = PBXGroup;
			children = (
				59DFC2B625E784EC000EDCF9 /* Contacts.storyboard */,
				59DFC2AE25E78421000EDCF9 /* ContactsViewController.swift */,
			);
			path = Contacts;
			sourceTree = "<group>";
		};
		59E5DAB325CD901700354F4B /* SignIn */ = {
			isa = PBXGroup;
			children = (
				59E5DAAE25CD8DA700354F4B /* SignIn.storyboard */,
				597D66AA25C80FA40051E84A /* SignInViewController.swift */,
			);
			path = SignIn;
			sourceTree = "<group>";
		};
		59E5DAB425CD906C00354F4B /* SignUp */ = {
			isa = PBXGroup;
			children = (
				59E5DAAA25CD8D0400354F4B /* SignUp.storyboard */,
				59385FEF25CC50A9003600D2 /* SignUpViewController.swift */,
				59DFC2CF25E7DE62000EDCF9 /* EndOfSignUpViewController.swift */,
			);
			path = SignUp;
			sourceTree = "<group>";
		};
		59E5DAB525CD90E700354F4B /* Main */ = {
			isa = PBXGroup;
			children = (
				3148234B25D6CED1008288FC /* Static Pages */,
				597D66AC25C80FA40051E84A /* Main.storyboard */,
				599E61DC25CAF51500DF5A38 /* MainViewController.swift */,
			);
			path = Main;
			sourceTree = "<group>";
		};
		59ED9D7125F7DDAE00C43CEE /* SalaryProject */ = {
			isa = PBXGroup;
			children = (
				59ED9D7225F7DDC400C43CEE /* CreateSalaryProject */,
				59ED9D7325F7DDE900C43CEE /* PaySalaryProject */,
				59ED9D7425F7DDF500C43CEE /* ChangeSalaryProject */,
			);
			path = SalaryProject;
			sourceTree = "<group>";
		};
		59ED9D7225F7DDC400C43CEE /* CreateSalaryProject */ = {
			isa = PBXGroup;
			children = (
				59ED9D7E25F7DF0900C43CEE /* CreateSalaryProject.storyboard */,
				59ED9D7525F7DEB200C43CEE /* CreateSalaryProjectViewController.swift */,
			);
			path = CreateSalaryProject;
			sourceTree = "<group>";
		};
		59ED9D7325F7DDE900C43CEE /* PaySalaryProject */ = {
			isa = PBXGroup;
			children = (
				59ED9D8125F7DF2000C43CEE /* PaySalaryProject.storyboard */,
				59ED9D7825F7DED300C43CEE /* PaySalaryProjectViewController.swift */,
			);
			path = PaySalaryProject;
			sourceTree = "<group>";
		};
		59ED9D7425F7DDF500C43CEE /* ChangeSalaryProject */ = {
			isa = PBXGroup;
			children = (
				59ED9D8425F7DF3700C43CEE /* ChangeSalaryProject.storyboard */,
				59ED9D7B25F7DEEC00C43CEE /* ChangeSalaryProjectViewController.swift */,
			);
			path = ChangeSalaryProject;
			sourceTree = "<group>";
		};
		59FC3A3825F247080019EE72 /* NewDeposit */ = {
			isa = PBXGroup;
			children = (
				59FC3A3925F2472E0019EE72 /* NewDeposit.storyboard */,
				59FC3A4125F2484A0019EE72 /* NewDepositViewController.swift */,
				59FC3A4425F24DB20019EE72 /* ConfirmationDepositViewController.swift */,
			);
			path = NewDeposit;
			sourceTree = "<group>";
		};
/* End PBXGroup section */

/* Begin PBXNativeTarget section */
		597D66A225C80FA40051E84A /* Free Bank */ = {
			isa = PBXNativeTarget;
			buildConfigurationList = 597D66B725C80FA50051E84A /* Build configuration list for PBXNativeTarget "Free Bank" */;
			buildPhases = (
				597D669F25C80FA40051E84A /* Sources */,
				597D66A025C80FA40051E84A /* Frameworks */,
				597D66A125C80FA40051E84A /* Resources */,
			);
			buildRules = (
			);
			dependencies = (
			);
			name = "Free Bank";
			productName = "Free Bank";
			productReference = 597D66A325C80FA40051E84A /* Free Bank.app */;
			productType = "com.apple.product-type.application";
		};
/* End PBXNativeTarget section */

/* Begin PBXProject section */
		597D669B25C80FA40051E84A /* Project object */ = {
			isa = PBXProject;
			attributes = {
				LastSwiftUpdateCheck = 1240;
				LastUpgradeCheck = 1240;
				TargetAttributes = {
					597D66A225C80FA40051E84A = {
						CreatedOnToolsVersion = 12.4;
					};
				};
			};
			buildConfigurationList = 597D669E25C80FA40051E84A /* Build configuration list for PBXProject "Free Bank" */;
			compatibilityVersion = "Xcode 9.3";
			developmentRegion = en;
			hasScannedForEncodings = 0;
			knownRegions = (
				en,
				Base,
			);
			mainGroup = 597D669A25C80FA40051E84A;
			productRefGroup = 597D66A425C80FA40051E84A /* Products */;
			projectDirPath = "";
			projectRoot = "";
			targets = (
				597D66A225C80FA40051E84A /* Free Bank */,
			);
		};
/* End PBXProject section */

/* Begin PBXResourcesBuildPhase section */
		597D66A125C80FA40051E84A /* Resources */ = {
			isa = PBXResourcesBuildPhase;
			buildActionMask = 2147483647;
			files = (
				59DFC2A425E77E42000EDCF9 /* bankInfo.storyboard in Resources */,
				5968708B25F29B48001BDE11 /* Deposit.storyboard in Resources */,
				5923D6DC25F115D000EBA865 /* Credit.storyboard in Resources */,
				5916FA6A25EA376C0022A4B0 /* Adresses.storyboard in Resources */,
				592AE70825F64500003543B7 /* TransactionTableViewCell.xib in Resources */,
				59FC3A3A25F2472E0019EE72 /* NewDeposit.storyboard in Resources */,
				5904335125EE751500BF5412 /* CardTableViewCell.xib in Resources */,
				59ED9D7F25F7DF0900C43CEE /* CreateSalaryProject.storyboard in Resources */,
				597D66B325C80FA50051E84A /* LaunchScreen.storyboard in Resources */,
				596A698325DE7FEE0068099E /* CollectionViewCell.xib in Resources */,
				59E5DAAF25CD8DA700354F4B /* SignIn.storyboard in Resources */,
				59031DB725EF90E400B4DE9D /* CreditTableViewCell.xib in Resources */,
				59E5DAAB25CD8D0400354F4B /* SignUp.storyboard in Resources */,
				597D66B025C80FA50051E84A /* Assets.xcassets in Resources */,
				597D66AE25C80FA40051E84A /* Main.storyboard in Resources */,
				59ED9D8225F7DF2000C43CEE /* PaySalaryProject.storyboard in Resources */,
				311E330E25EE2A8C0048C231 /* NewCredit.storyboard in Resources */,
				5904330425EE2D8C00BF5412 /* AccountTableViewCell.xib in Resources */,
				59DFC2B725E784EC000EDCF9 /* Contacts.storyboard in Resources */,
				59B3B2AA25F15A8A008BC962 /* DepositTableViewCell.xib in Resources */,
				3148234E25D6D23E008288FC /* ExchangeRate.storyboard in Resources */,
				5904330C25EE4C6700BF5412 /* Cards.storyboard in Resources */,
				59ED9D8525F7DF3700C43CEE /* ChangeSalaryProject.storyboard in Resources */,
				592AE71225F65426003543B7 /* NewTransaction.storyboard in Resources */,
				593AE04F25E692FF00DEB157 /* Home.storyboard in Resources */,
			);
			runOnlyForDeploymentPostprocessing = 0;
		};
/* End PBXResourcesBuildPhase section */

/* Begin PBXSourcesBuildPhase section */
		597D669F25C80FA40051E84A /* Sources */ = {
			isa = PBXSourcesBuildPhase;
			buildActionMask = 2147483647;
			files = (
				312CE37125F24DF200E477FB /* Organization+CoreDataProperties.swift in Sources */,
				5996B4B025E54C3A00FB0BDB /* Card+CoreDataProperties.swift in Sources */,
				311D8E4F25F0C816005BFB51 /* Transaction+CoreDataClass.swift in Sources */,
				59A42D0C25ECE3AC002C8EF9 /* AccountsViewController.swift in Sources */,
				31E793A625E9565100667F99 /* UtilityFunctions.swift in Sources */,
				596A698225DE7FEE0068099E /* CollectionViewCell.swift in Sources */,
				59F4BAED25E64AA7002FF477 /* TemplateEntities.swift in Sources */,
				597D66AB25C80FA40051E84A /* SignInViewController.swift in Sources */,
				31FA59D725F24E9300EA5D3D /* Deposit+CoreDataClass.swift in Sources */,
				59DFC2D025E7DE62000EDCF9 /* EndOfSignUpViewController.swift in Sources */,
				311E331125EE2AA70048C231 /* NewCreditViewController.swift in Sources */,
				59B86A9625D6C4D4007659ED /* Free Bank.xcdatamodeld in Sources */,
				597D66A725C80FA40051E84A /* AppDelegate.swift in Sources */,
				312CE36E25F24DF200E477FB /* Individual+CoreDataClass.swift in Sources */,
				597D66A925C80FA40051E84A /* SceneDelegate.swift in Sources */,
				5996B4AF25E54C3A00FB0BDB /* Card+CoreDataClass.swift in Sources */,
				599E61DD25CAF51500DF5A38 /* MainViewController.swift in Sources */,
				312CE36F25F24DF200E477FB /* Individual+CoreDataProperties.swift in Sources */,
				311B425325EF9B0400F2C412 /* ConfirmationCreditViewController.swift in Sources */,
				592AE50B25D3D45D000C99E5 /* Alerts.swift in Sources */,
				3148235125D6D258008288FC /* ExchangeRateTableViewController.swift in Sources */,
				5904330325EE2D8C00BF5412 /* AccountTableViewCell.swift in Sources */,
				59ED9D7625F7DEB200C43CEE /* CreateSalaryProjectViewController.swift in Sources */,
				59ED9D7925F7DED300C43CEE /* PaySalaryProjectViewController.swift in Sources */,
				3153816025F0EDB500659252 /* Credit+CoreDataClass.swift in Sources */,
				5996B4AE25E54C3A00FB0BDB /* ATM+CoreDataProperties.swift in Sources */,
				59A42D1925ED2D0B002C8EF9 /* DesignFunctions.swift in Sources */,
				59A42D1225ECE407002C8EF9 /* CreditsViewController.swift in Sources */,
				59ED9D7C25F7DEEC00C43CEE /* ChangeSalaryProjectViewController.swift in Sources */,
				5916FA7225EA679D0022A4B0 /* OtherPageHomeViewController.swift in Sources */,
				5904330F25EE4D9000BF5412 /* CardsViewController.swift in Sources */,
				5923D6DF25F115EF00EBA865 /* CreditViewController.swift in Sources */,
				5904335025EE751500BF5412 /* CardTableViewCell.swift in Sources */,
				5916FA6D25EA38890022A4B0 /* AddressesTableViewController.swift in Sources */,
				59031DB625EF90E400B4DE9D /* CreditTableViewCell.swift in Sources */,
				592AE71725F66AD5003543B7 /* ConfirmationTransactionViewController.swift in Sources */,
				311D8E4D25F0C816005BFB51 /* Account+CoreDataClass.swift in Sources */,
				59A42D0F25ECE3D9002C8EF9 /* TransansactionsViewController.swift in Sources */,
				3153816125F0EDB500659252 /* Credit+CoreDataProperties.swift in Sources */,
				592AE70F25F65310003543B7 /* NewTransactionViewController.swift in Sources */,
				593AE05625E6A00200DEB157 /* HomeTabBarController.swift in Sources */,
				5996B4AC25E54C3A00FB0BDB /* Bank+CoreDataProperties.swift in Sources */,
				59B3B2A925F15A8A008BC962 /* DepositTableViewCell.swift in Sources */,
				59DFC2AF25E78421000EDCF9 /* ContactsViewController.swift in Sources */,
				59CF7AB925DBDB3700DEF5DC /* CheckDataFunctions.swift in Sources */,
				59B3B2A325F15635008BC962 /* DepositsViewController.swift in Sources */,
				311D8E4E25F0C816005BFB51 /* Account+CoreDataProperties.swift in Sources */,
				59FC3A4525F24DB20019EE72 /* ConfirmationDepositViewController.swift in Sources */,
				59298A5E25E3EDD3007F0622 /* CollectionView.swift in Sources */,
				5968708725F29B39001BDE11 /* DepositViewController.swift in Sources */,
				59385FF025CC50A9003600D2 /* SignUpViewController.swift in Sources */,
				31FA59D825F24E9300EA5D3D /* Deposit+CoreDataProperties.swift in Sources */,
				312CE37025F24DF200E477FB /* Organization+CoreDataClass.swift in Sources */,
				5996B4A525E54C3A00FB0BDB /* Branch+CoreDataClass.swift in Sources */,
				5996B4A625E54C3A00FB0BDB /* Branch+CoreDataProperties.swift in Sources */,
				592AE70725F64500003543B7 /* TransactionTableViewCell.swift in Sources */,
				311D8E5025F0C816005BFB51 /* Transaction+CoreDataProperties.swift in Sources */,
				31EB9D6825F252F600C53408 /* NewDepositViewController.swift in Sources */,
				5996B4AD25E54C3A00FB0BDB /* ATM+CoreDataClass.swift in Sources */,
				59DFC2A925E7819C000EDCF9 /* BankInfoViewController.swift in Sources */,
				5996B4AB25E54C3A00FB0BDB /* Bank+CoreDataClass.swift in Sources */,
			);
			runOnlyForDeploymentPostprocessing = 0;
		};
/* End PBXSourcesBuildPhase section */

/* Begin PBXVariantGroup section */
		597D66AC25C80FA40051E84A /* Main.storyboard */ = {
			isa = PBXVariantGroup;
			children = (
				597D66AD25C80FA40051E84A /* Base */,
			);
			name = Main.storyboard;
			sourceTree = "<group>";
		};
		597D66B125C80FA50051E84A /* LaunchScreen.storyboard */ = {
			isa = PBXVariantGroup;
			children = (
				597D66B225C80FA50051E84A /* Base */,
			);
			name = LaunchScreen.storyboard;
			sourceTree = "<group>";
		};
/* End PBXVariantGroup section */

/* Begin XCBuildConfiguration section */
		597D66B525C80FA50051E84A /* Debug */ = {
			isa = XCBuildConfiguration;
			buildSettings = {
				ALWAYS_SEARCH_USER_PATHS = NO;
				CLANG_ANALYZER_NONNULL = YES;
				CLANG_ANALYZER_NUMBER_OBJECT_CONVERSION = YES_AGGRESSIVE;
				CLANG_CXX_LANGUAGE_STANDARD = "gnu++14";
				CLANG_CXX_LIBRARY = "libc++";
				CLANG_ENABLE_MODULES = YES;
				CLANG_ENABLE_OBJC_ARC = YES;
				CLANG_ENABLE_OBJC_WEAK = YES;
				CLANG_WARN_BLOCK_CAPTURE_AUTORELEASING = YES;
				CLANG_WARN_BOOL_CONVERSION = YES;
				CLANG_WARN_COMMA = YES;
				CLANG_WARN_CONSTANT_CONVERSION = YES;
				CLANG_WARN_DEPRECATED_OBJC_IMPLEMENTATIONS = YES;
				CLANG_WARN_DIRECT_OBJC_ISA_USAGE = YES_ERROR;
				CLANG_WARN_DOCUMENTATION_COMMENTS = YES;
				CLANG_WARN_EMPTY_BODY = YES;
				CLANG_WARN_ENUM_CONVERSION = YES;
				CLANG_WARN_INFINITE_RECURSION = YES;
				CLANG_WARN_INT_CONVERSION = YES;
				CLANG_WARN_NON_LITERAL_NULL_CONVERSION = YES;
				CLANG_WARN_OBJC_IMPLICIT_RETAIN_SELF = YES;
				CLANG_WARN_OBJC_LITERAL_CONVERSION = YES;
				CLANG_WARN_OBJC_ROOT_CLASS = YES_ERROR;
				CLANG_WARN_QUOTED_INCLUDE_IN_FRAMEWORK_HEADER = YES;
				CLANG_WARN_RANGE_LOOP_ANALYSIS = YES;
				CLANG_WARN_STRICT_PROTOTYPES = YES;
				CLANG_WARN_SUSPICIOUS_MOVE = YES;
				CLANG_WARN_UNGUARDED_AVAILABILITY = YES_AGGRESSIVE;
				CLANG_WARN_UNREACHABLE_CODE = YES;
				CLANG_WARN__DUPLICATE_METHOD_MATCH = YES;
				COPY_PHASE_STRIP = NO;
				DEBUG_INFORMATION_FORMAT = dwarf;
				ENABLE_STRICT_OBJC_MSGSEND = YES;
				ENABLE_TESTABILITY = YES;
				GCC_C_LANGUAGE_STANDARD = gnu11;
				GCC_DYNAMIC_NO_PIC = NO;
				GCC_NO_COMMON_BLOCKS = YES;
				GCC_OPTIMIZATION_LEVEL = 0;
				GCC_PREPROCESSOR_DEFINITIONS = (
					"DEBUG=1",
					"$(inherited)",
				);
				GCC_WARN_64_TO_32_BIT_CONVERSION = YES;
				GCC_WARN_ABOUT_RETURN_TYPE = YES_ERROR;
				GCC_WARN_UNDECLARED_SELECTOR = YES;
				GCC_WARN_UNINITIALIZED_AUTOS = YES_AGGRESSIVE;
				GCC_WARN_UNUSED_FUNCTION = YES;
				GCC_WARN_UNUSED_VARIABLE = YES;
				IPHONEOS_DEPLOYMENT_TARGET = 14.4;
				MTL_ENABLE_DEBUG_INFO = INCLUDE_SOURCE;
				MTL_FAST_MATH = YES;
				ONLY_ACTIVE_ARCH = YES;
				SDKROOT = iphoneos;
				SWIFT_ACTIVE_COMPILATION_CONDITIONS = DEBUG;
				SWIFT_OPTIMIZATION_LEVEL = "-Onone";
			};
			name = Debug;
		};
		597D66B625C80FA50051E84A /* Release */ = {
			isa = XCBuildConfiguration;
			buildSettings = {
				ALWAYS_SEARCH_USER_PATHS = NO;
				CLANG_ANALYZER_NONNULL = YES;
				CLANG_ANALYZER_NUMBER_OBJECT_CONVERSION = YES_AGGRESSIVE;
				CLANG_CXX_LANGUAGE_STANDARD = "gnu++14";
				CLANG_CXX_LIBRARY = "libc++";
				CLANG_ENABLE_MODULES = YES;
				CLANG_ENABLE_OBJC_ARC = YES;
				CLANG_ENABLE_OBJC_WEAK = YES;
				CLANG_WARN_BLOCK_CAPTURE_AUTORELEASING = YES;
				CLANG_WARN_BOOL_CONVERSION = YES;
				CLANG_WARN_COMMA = YES;
				CLANG_WARN_CONSTANT_CONVERSION = YES;
				CLANG_WARN_DEPRECATED_OBJC_IMPLEMENTATIONS = YES;
				CLANG_WARN_DIRECT_OBJC_ISA_USAGE = YES_ERROR;
				CLANG_WARN_DOCUMENTATION_COMMENTS = YES;
				CLANG_WARN_EMPTY_BODY = YES;
				CLANG_WARN_ENUM_CONVERSION = YES;
				CLANG_WARN_INFINITE_RECURSION = YES;
				CLANG_WARN_INT_CONVERSION = YES;
				CLANG_WARN_NON_LITERAL_NULL_CONVERSION = YES;
				CLANG_WARN_OBJC_IMPLICIT_RETAIN_SELF = YES;
				CLANG_WARN_OBJC_LITERAL_CONVERSION = YES;
				CLANG_WARN_OBJC_ROOT_CLASS = YES_ERROR;
				CLANG_WARN_QUOTED_INCLUDE_IN_FRAMEWORK_HEADER = YES;
				CLANG_WARN_RANGE_LOOP_ANALYSIS = YES;
				CLANG_WARN_STRICT_PROTOTYPES = YES;
				CLANG_WARN_SUSPICIOUS_MOVE = YES;
				CLANG_WARN_UNGUARDED_AVAILABILITY = YES_AGGRESSIVE;
				CLANG_WARN_UNREACHABLE_CODE = YES;
				CLANG_WARN__DUPLICATE_METHOD_MATCH = YES;
				COPY_PHASE_STRIP = NO;
				DEBUG_INFORMATION_FORMAT = "dwarf-with-dsym";
				ENABLE_NS_ASSERTIONS = NO;
				ENABLE_STRICT_OBJC_MSGSEND = YES;
				GCC_C_LANGUAGE_STANDARD = gnu11;
				GCC_NO_COMMON_BLOCKS = YES;
				GCC_WARN_64_TO_32_BIT_CONVERSION = YES;
				GCC_WARN_ABOUT_RETURN_TYPE = YES_ERROR;
				GCC_WARN_UNDECLARED_SELECTOR = YES;
				GCC_WARN_UNINITIALIZED_AUTOS = YES_AGGRESSIVE;
				GCC_WARN_UNUSED_FUNCTION = YES;
				GCC_WARN_UNUSED_VARIABLE = YES;
				IPHONEOS_DEPLOYMENT_TARGET = 14.4;
				MTL_ENABLE_DEBUG_INFO = NO;
				MTL_FAST_MATH = YES;
				SDKROOT = iphoneos;
				SWIFT_COMPILATION_MODE = wholemodule;
				SWIFT_OPTIMIZATION_LEVEL = "-O";
				VALIDATE_PRODUCT = YES;
			};
			name = Release;
		};
		597D66B825C80FA50051E84A /* Debug */ = {
			isa = XCBuildConfiguration;
			buildSettings = {
				ASSETCATALOG_COMPILER_APPICON_NAME = AppIcon;
				ASSETCATALOG_COMPILER_GLOBAL_ACCENT_COLOR_NAME = AccentColor;
				CODE_SIGN_STYLE = Automatic;
				DEVELOPMENT_TEAM = FFWMQ7T85M;
				INFOPLIST_FILE = "Free Bank/Info.plist";
				IPHONEOS_DEPLOYMENT_TARGET = 13.4;
				LD_RUNPATH_SEARCH_PATHS = (
					"$(inherited)",
					"@executable_path/Frameworks",
				);
				PRODUCT_BUNDLE_IDENTIFIER = com.vironit.chv.za.FreeBank;
				PRODUCT_NAME = "$(TARGET_NAME)";
				SWIFT_VERSION = 5.0;
				TARGETED_DEVICE_FAMILY = 1;
			};
			name = Debug;
		};
		597D66B925C80FA50051E84A /* Release */ = {
			isa = XCBuildConfiguration;
			buildSettings = {
				ASSETCATALOG_COMPILER_APPICON_NAME = AppIcon;
				ASSETCATALOG_COMPILER_GLOBAL_ACCENT_COLOR_NAME = AccentColor;
				CODE_SIGN_STYLE = Automatic;
				DEVELOPMENT_TEAM = FFWMQ7T85M;
				INFOPLIST_FILE = "Free Bank/Info.plist";
				IPHONEOS_DEPLOYMENT_TARGET = 13.4;
				LD_RUNPATH_SEARCH_PATHS = (
					"$(inherited)",
					"@executable_path/Frameworks",
				);
				PRODUCT_BUNDLE_IDENTIFIER = com.vironit.chv.za.FreeBank;
				PRODUCT_NAME = "$(TARGET_NAME)";
				SWIFT_VERSION = 5.0;
				TARGETED_DEVICE_FAMILY = 1;
			};
			name = Release;
		};
/* End XCBuildConfiguration section */

/* Begin XCConfigurationList section */
		597D669E25C80FA40051E84A /* Build configuration list for PBXProject "Free Bank" */ = {
			isa = XCConfigurationList;
			buildConfigurations = (
				597D66B525C80FA50051E84A /* Debug */,
				597D66B625C80FA50051E84A /* Release */,
			);
			defaultConfigurationIsVisible = 0;
			defaultConfigurationName = Release;
		};
		597D66B725C80FA50051E84A /* Build configuration list for PBXNativeTarget "Free Bank" */ = {
			isa = XCConfigurationList;
			buildConfigurations = (
				597D66B825C80FA50051E84A /* Debug */,
				597D66B925C80FA50051E84A /* Release */,
			);
			defaultConfigurationIsVisible = 0;
			defaultConfigurationName = Release;
		};
/* End XCConfigurationList section */

/* Begin XCVersionGroup section */
		59B86A9425D6C4D4007659ED /* Free Bank.xcdatamodeld */ = {
			isa = XCVersionGroup;
			children = (
				59B86A9525D6C4D4007659ED /* Free Bank.xcdatamodel */,
			);
			currentVersion = 59B86A9525D6C4D4007659ED /* Free Bank.xcdatamodel */;
			path = "Free Bank.xcdatamodeld";
			sourceTree = "<group>";
			versionGroupType = wrapper.xcdatamodel;
		};
/* End XCVersionGroup section */
	};
	rootObject = 597D669B25C80FA40051E84A /* Project object */;
}
